{
  "lockfileVersion": 2,
  "configVersion": 1,
  "workspaces": {
    "": {
      "name": "ora-mcp",
      "dependencies": {
        "@modelcontextprotocol/server": "2.1.0",
        "zod": "4.6.5",
      },
    },
  },
  "packages": {
    "@modelcontextprotocol/core": ["@modelcontextprotocol/core@2.1.0", "", { "dependencies": { "zod": "^4.2.0" } }, "sha512-YdFj5gMRHr0gYNAhTbQDgjLHiEJdIAUYxomhKseUNye7ZGlISQmUoLh2sveFFCiQ7j2YMffT1kgSND0FSfIFjQ=="],

    "@modelcontextprotocol/server": ["@modelcontextprotocol/server@2.1.0", "", { "dependencies": { "@modelcontextprotocol/core": "2.1.0", "zod": "^4.2.0" } }, "sha512-FdvwZU5N03O77Suh35JqjAqq5R1ZTEPFtwu6N4BgBq28qrQtrCnpbLL5U2pwYCuE194jAw0xnlOVmIqhfoYuUQ=="],

    "zod": ["zod@4.6.5", "", {}, "sha512-v5l/aFXZQeai4awLbOpSoHecE9UiMrnfx75tEXLjNonXVARxQ5mOeipTjROUchszUNCqnE+hqAMujRsRHsut2Q=="],
  }
}
